# This file was autogenerated by Stack.
# You should not edit this file by hand.
# For more information, please see the documentation at:
#   https://docs.haskellstack.org/en/stable/lock_files

packages:
- completed:
    hackage: streamly-bytestring-0.1.2@sha256:cc828f41d1c714c711d38fb213b4ed186febabba598ab080e13255f69c20b13c,2469
    pantry-tree:
      size: 532
      sha256: 2eae18eac1158eda2c647ddbe542a18463af2cc29b37acd86e46ed41c1e88fb9
  original:
    hackage: streamly-bytestring-0.1.2@sha256:cc828f41d1c714c711d38fb213b4ed186febabba598ab080e13255f69c20b13c,2469
snapshots:
- completed:
    size: 494638
    url: https://raw.githubusercontent.com/commercialhaskell/stackage-snapshots/master/lts/15/11.yaml
    sha256: 5747328cdcbb8fe9c96fc048b5566167c80dd176a41b52d3b363058e3cc1dc5d
  original: lts-15.11
